
Microsoft Visual Studio Solution File, Format Version 12.00
# Visual Studio Version 16
VisualStudioVersion = 16.0.32002.261
MinimumVisualStudioVersion = 10.0.40219.1
Project("{FAE04EC0-301F-11D3-BF4B-00C04F79EFBC}") = "JBonillaProgram11", "JBonillaProgram11.csproj", "{D468A34C-81F6-462C-86FA-BB22C68A077D}"
EndProject
Global
	GlobalSection(SolutionConfigurationPlatforms) = preSolution
		Debug|Any CPU = Debug|Any CPU
		Release|Any CPU = Release|Any CPU
	EndGlobalSection
	GlobalSection(ProjectConfigurationPlatforms) = postSolution
		{D468A34C-81F6-462C-86FA-BB22C68A077D}.Debug|Any CPU.ActiveCfg = Debug|Any CPU
		{D468A34C-81F6-462C-86FA-BB22C68A077D}.Debug|Any CPU.Build.0 = Debug|Any CPU
		{D468A34C-81F6-462C-86FA-BB22C68A077D}.Release|Any CPU.ActiveCfg = Release|Any CPU
		{D468A34C-81F6-462C-86FA-BB22C68A077D}.Release|Any CPU.Build.0 = Release|Any CPU
	EndGlobalSection
	GlobalSection(SolutionProperties) = preSolution
		HideSolutionNode = FALSE
	EndGlobalSection
	GlobalSection(ExtensibilityGlobals) = postSolution
		SolutionGuid = {DD1FEDD4-B559-47C2-886D-735CC634567B}
	EndGlobalSection
EndGlobal
